
Microsoft Visual Studio Solution File, Format Version 12.00
# Visual Studio Version 17
VisualStudioVersion = 17.2.32516.85
MinimumVisualStudioVersion = 10.0.40219.1
Project("{FAE04EC0-301F-11D3-BF4B-00C04F79EFBC}") = "PSDextract", "PSDextract\PSDextract.csproj", "{02BE17D7-661A-45B9-AA3E-DC1AFC0BF18E}"
EndProject
Global
	GlobalSection(SolutionConfigurationPlatforms) = preSolution
		Debug|Any CPU = Debug|Any CPU
		Release|Any CPU = Release|Any CPU
	EndGlobalSection
	GlobalSection(ProjectConfigurationPlatforms) = postSolution
		{02BE17D7-661A-45B9-AA3E-DC1AFC0BF18E}.Debug|Any CPU.ActiveCfg = Debug|Any CPU
		{02BE17D7-661A-45B9-AA3E-DC1AFC0BF18E}.Debug|Any CPU.Build.0 = Debug|Any CPU
		{02BE17D7-661A-45B9-AA3E-DC1AFC0BF18E}.Release|Any CPU.ActiveCfg = Release|Any CPU
		{02BE17D7-661A-45B9-AA3E-DC1AFC0BF18E}.Release|Any CPU.Build.0 = Release|Any CPU
	EndGlobalSection
	GlobalSection(SolutionProperties) = preSolution
		HideSolutionNode = FALSE
	EndGlobalSection
	GlobalSection(ExtensibilityGlobals) = postSolution
		SolutionGuid = {4ABB70B1-86D7-4B23-A118-8EC63CDC72A9}
	EndGlobalSection
EndGlobal
